// !$*UTF8*$!
{
	archiveVersion = 1;
	classes = {
	};
	objectVersion = 50;
	objects = {

/* Begin PBXBuildFile section */
		52621D6EDD8C6CBAC40873A1 /* Pods_Covid_News_Covid_NewsUITests.framework in Frameworks */ = {isa = PBXBuildFile; fileRef = 347257CED206B3F2C6A1ED50 /* Pods_Covid_News_Covid_NewsUITests.framework */; };
		57108919256B85770086B9B2 /* News+CoreDataClass.swift in Sources */ = {isa = PBXBuildFile; fileRef = 57108917256B85770086B9B2 /* News+CoreDataClass.swift */; };
		5710891A256B85770086B9B2 /* News+CoreDataProperties.swift in Sources */ = {isa = PBXBuildFile; fileRef = 57108918256B85770086B9B2 /* News+CoreDataProperties.swift */; };
		5713E05E24F1D0B600A1CEB7 /* LatestNewsViewController.swift in Sources */ = {isa = PBXBuildFile; fileRef = 5713E05D24F1D0B600A1CEB7 /* LatestNewsViewController.swift */; };
		57197AA52550453100563444 /* ArticlesManager.swift in Sources */ = {isa = PBXBuildFile; fileRef = 57197AA42550453100563444 /* ArticlesManager.swift */; };
		57197AAD2550454D00563444 /* ArticlesData.swift in Sources */ = {isa = PBXBuildFile; fileRef = 57197AAC2550454D00563444 /* ArticlesData.swift */; };
		5721287524F36EFA00C0FE61 /* NewsTableViewCell.swift in Sources */ = {isa = PBXBuildFile; fileRef = 5721287424F36EFA00C0FE61 /* NewsTableViewCell.swift */; };
		5728F2E224FA1BA80082E683 /* ArticleViewController.swift in Sources */ = {isa = PBXBuildFile; fileRef = 5728F2E124FA1BA80082E683 /* ArticleViewController.swift */; };
		5743B4BD259DB2AC009FA6DD /* SavedViewController.swift in Sources */ = {isa = PBXBuildFile; fileRef = 5743B4BC259DB2AC009FA6DD /* SavedViewController.swift */; };
		576B328C2570CBCE00C7DA66 /* CoreDataManger.swift in Sources */ = {isa = PBXBuildFile; fileRef = 576B328B2570CBCE00C7DA66 /* CoreDataManger.swift */; };
		578B7262259C4B0500B7BB03 /* Date+Ext.swift in Sources */ = {isa = PBXBuildFile; fileRef = 578B7261259C4B0500B7BB03 /* Date+Ext.swift */; };
		578B726B259C4BFA00B7BB03 /* String+Ext.swift in Sources */ = {isa = PBXBuildFile; fileRef = 578B726A259C4BFA00B7BB03 /* String+Ext.swift */; };
		57994468257C93EF00E93891 /* SaveViewController.swift in Sources */ = {isa = PBXBuildFile; fileRef = 57994467257C93EF00E93891 /* SaveViewController.swift */; };
		579DFAD42568EDCD0065E2F4 /* NewsDataModel.xcdatamodeld in Sources */ = {isa = PBXBuildFile; fileRef = 579DFAD22568EDCD0065E2F4 /* NewsDataModel.xcdatamodeld */; };
		57B3BFE624FB641100459121 /* WebKit.framework in Frameworks */ = {isa = PBXBuildFile; fileRef = 57B3BFE524FB641100459121 /* WebKit.framework */; };
		57B743D3257C9642000E8A2B /* SaveTableViewCell.swift in Sources */ = {isa = PBXBuildFile; fileRef = 57B743D2257C9642000E8A2B /* SaveTableViewCell.swift */; };
		57D4B9F024EF6D97003002DC /* AppDelegate.swift in Sources */ = {isa = PBXBuildFile; fileRef = 57D4B9EF24EF6D97003002DC /* AppDelegate.swift */; };
		57D4B9F224EF6D97003002DC /* SceneDelegate.swift in Sources */ = {isa = PBXBuildFile; fileRef = 57D4B9F124EF6D97003002DC /* SceneDelegate.swift */; };
		57D4B9F724EF6D97003002DC /* Main.storyboard in Resources */ = {isa = PBXBuildFile; fileRef = 57D4B9F524EF6D97003002DC /* Main.storyboard */; };
		57D4B9FC24EF6D98003002DC /* LaunchScreen.storyboard in Resources */ = {isa = PBXBuildFile; fileRef = 57D4B9FA24EF6D98003002DC /* LaunchScreen.storyboard */; };
		57D4BA0724EF6D99003002DC /* Covid_NewsTests.swift in Sources */ = {isa = PBXBuildFile; fileRef = 57D4BA0624EF6D99003002DC /* Covid_NewsTests.swift */; };
		57D4BA1224EF6D99003002DC /* Covid_NewsUITests.swift in Sources */ = {isa = PBXBuildFile; fileRef = 57D4BA1124EF6D99003002DC /* Covid_NewsUITests.swift */; };
		57F2D28E24F0CD270075CB62 /* Assets.xcassets in Resources */ = {isa = PBXBuildFile; fileRef = 57F2D28D24F0CD270075CB62 /* Assets.xcassets */; };
		57FEDC352599D46F0029A350 /* ImageDownloader.swift in Sources */ = {isa = PBXBuildFile; fileRef = 57FEDC342599D46F0029A350 /* ImageDownloader.swift */; };
		783D3355D122D870B298D115 /* Pods_Covid_NewsTests.framework in Frameworks */ = {isa = PBXBuildFile; fileRef = E18BA3B48003046C65B44468 /* Pods_Covid_NewsTests.framework */; };
		9D158140695120CCF9D8DF70 /* Pods_Covid_News.framework in Frameworks */ = {isa = PBXBuildFile; fileRef = 67159BC49CE2E9C79E472206 /* Pods_Covid_News.framework */; };
/* End PBXBuildFile section */

/* Begin PBXContainerItemProxy section */
		57D4BA0324EF6D99003002DC /* PBXContainerItemProxy */ = {
			isa = PBXContainerItemProxy;
			containerPortal = 57D4B9E424EF6D97003002DC /* Project object */;
			proxyType = 1;
			remoteGlobalIDString = 57D4B9EB24EF6D97003002DC;
			remoteInfo = "Covid News";
		};
		57D4BA0E24EF6D99003002DC /* PBXContainerItemProxy */ = {
			isa = PBXContainerItemProxy;
			containerPortal = 57D4B9E424EF6D97003002DC /* Project object */;
			proxyType = 1;
			remoteGlobalIDString = 57D4B9EB24EF6D97003002DC;
			remoteInfo = "Covid News";
		};
/* End PBXContainerItemProxy section */

/* Begin PBXFileReference section */
		03CF92CB1B6F3F7E2B964B62 /* Pods-Covid News-Covid NewsUITests.release.xcconfig */ = {isa = PBXFileReference; includeInIndex = 1; lastKnownFileType = text.xcconfig; name = "Pods-Covid News-Covid NewsUITests.release.xcconfig"; path = "Target Support Files/Pods-Covid News-Covid NewsUITests/Pods-Covid News-Covid NewsUITests.release.xcconfig"; sourceTree = "<group>"; };
		347257CED206B3F2C6A1ED50 /* Pods_Covid_News_Covid_NewsUITests.framework */ = {isa = PBXFileReference; explicitFileType = wrapper.framework; includeInIndex = 0; path = Pods_Covid_News_Covid_NewsUITests.framework; sourceTree = BUILT_PRODUCTS_DIR; };
		57108917256B85770086B9B2 /* News+CoreDataClass.swift */ = {isa = PBXFileReference; lastKnownFileType = sourcecode.swift; path = "News+CoreDataClass.swift"; sourceTree = "<group>"; };
		57108918256B85770086B9B2 /* News+CoreDataProperties.swift */ = {isa = PBXFileReference; lastKnownFileType = sourcecode.swift; path = "News+CoreDataProperties.swift"; sourceTree = "<group>"; };
		5713E05D24F1D0B600A1CEB7 /* LatestNewsViewController.swift */ = {isa = PBXFileReference; lastKnownFileType = sourcecode.swift; path = LatestNewsViewController.swift; sourceTree = "<group>"; };
		57197AA42550453100563444 /* ArticlesManager.swift */ = {isa = PBXFileReference; lastKnownFileType = sourcecode.swift; path = ArticlesManager.swift; sourceTree = "<group>"; xcLanguageSpecificationIdentifier = xcode.lang.swift; };
		57197AAC2550454D00563444 /* ArticlesData.swift */ = {isa = PBXFileReference; lastKnownFileType = sourcecode.swift; path = ArticlesData.swift; sourceTree = "<group>"; };
		5721287424F36EFA00C0FE61 /* NewsTableViewCell.swift */ = {isa = PBXFileReference; lastKnownFileType = sourcecode.swift; path = NewsTableViewCell.swift; sourceTree = "<group>"; };
		5728F2E124FA1BA80082E683 /* ArticleViewController.swift */ = {isa = PBXFileReference; lastKnownFileType = sourcecode.swift; path = ArticleViewController.swift; sourceTree = "<group>"; };
		5743B4BC259DB2AC009FA6DD /* SavedViewController.swift */ = {isa = PBXFileReference; lastKnownFileType = sourcecode.swift; path = SavedViewController.swift; sourceTree = "<group>"; };
		576B328B2570CBCE00C7DA66 /* CoreDataManger.swift */ = {isa = PBXFileReference; lastKnownFileType = sourcecode.swift; path = CoreDataManger.swift; sourceTree = "<group>"; xcLanguageSpecificationIdentifier = xcode.lang.swift; };
		578B7261259C4B0500B7BB03 /* Date+Ext.swift */ = {isa = PBXFileReference; lastKnownFileType = sourcecode.swift; path = "Date+Ext.swift"; sourceTree = "<group>"; };
		578B726A259C4BFA00B7BB03 /* String+Ext.swift */ = {isa = PBXFileReference; lastKnownFileType = sourcecode.swift; path = "String+Ext.swift"; sourceTree = "<group>"; };
		57994467257C93EF00E93891 /* SaveViewController.swift */ = {isa = PBXFileReference; lastKnownFileType = sourcecode.swift; path = SaveViewController.swift; sourceTree = "<group>"; };
		579DFAD32568EDCD0065E2F4 /* NewsDataModel.xcdatamodel */ = {isa = PBXFileReference; lastKnownFileType = wrapper.xcdatamodel; path = NewsDataModel.xcdatamodel; sourceTree = "<group>"; };
		57B3BFE524FB641100459121 /* WebKit.framework */ = {isa = PBXFileReference; lastKnownFileType = wrapper.framework; name = WebKit.framework; path = System/Library/Frameworks/WebKit.framework; sourceTree = SDKROOT; };
		57B743D2257C9642000E8A2B /* SaveTableViewCell.swift */ = {isa = PBXFileReference; lastKnownFileType = sourcecode.swift; path = SaveTableViewCell.swift; sourceTree = "<group>"; };
		57D4B9EC24EF6D97003002DC /* Covid News.app */ = {isa = PBXFileReference; explicitFileType = wrapper.application; includeInIndex = 0; path = "Covid News.app"; sourceTree = BUILT_PRODUCTS_DIR; };
		57D4B9EF24EF6D97003002DC /* AppDelegate.swift */ = {isa = PBXFileReference; lastKnownFileType = sourcecode.swift; path = AppDelegate.swift; sourceTree = "<group>"; xcLanguageSpecificationIdentifier = xcode.lang.swift; };
		57D4B9F124EF6D97003002DC /* SceneDelegate.swift */ = {isa = PBXFileReference; lastKnownFileType = sourcecode.swift; path = SceneDelegate.swift; sourceTree = "<group>"; };
		57D4B9F624EF6D97003002DC /* Base */ = {isa = PBXFileReference; lastKnownFileType = file.storyboard; name = Base; path = Base.lproj/Main.storyboard; sourceTree = "<group>"; };
		57D4B9FB24EF6D98003002DC /* Base */ = {isa = PBXFileReference; lastKnownFileType = file.storyboard; name = Base; path = Base.lproj/LaunchScreen.storyboard; sourceTree = "<group>"; };
		57D4B9FD24EF6D98003002DC /* Info.plist */ = {isa = PBXFileReference; lastKnownFileType = text.plist.xml; path = Info.plist; sourceTree = "<group>"; };
		57D4BA0224EF6D99003002DC /* Covid NewsTests.xctest */ = {isa = PBXFileReference; explicitFileType = wrapper.cfbundle; includeInIndex = 0; path = "Covid NewsTests.xctest"; sourceTree = BUILT_PRODUCTS_DIR; };
		57D4BA0624EF6D99003002DC /* Covid_NewsTests.swift */ = {isa = PBXFileReference; lastKnownFileType = sourcecode.swift; path = Covid_NewsTests.swift; sourceTree = "<group>"; };
		57D4BA0824EF6D99003002DC /* Info.plist */ = {isa = PBXFileReference; lastKnownFileType = text.plist.xml; path = Info.plist; sourceTree = "<group>"; };
		57D4BA0D24EF6D99003002DC /* Covid NewsUITests.xctest */ = {isa = PBXFileReference; explicitFileType = wrapper.cfbundle; includeInIndex = 0; path = "Covid NewsUITests.xctest"; sourceTree = BUILT_PRODUCTS_DIR; };
		57D4BA1124EF6D99003002DC /* Covid_NewsUITests.swift */ = {isa = PBXFileReference; lastKnownFileType = sourcecode.swift; path = Covid_NewsUITests.swift; sourceTree = "<group>"; };
		57D4BA1324EF6D99003002DC /* Info.plist */ = {isa = PBXFileReference; lastKnownFileType = text.plist.xml; path = Info.plist; sourceTree = "<group>"; };
		57F2D28D24F0CD270075CB62 /* Assets.xcassets */ = {isa = PBXFileReference; lastKnownFileType = folder.assetcatalog; path = Assets.xcassets; sourceTree = "<group>"; };
		57FEDC342599D46F0029A350 /* ImageDownloader.swift */ = {isa = PBXFileReference; lastKnownFileType = sourcecode.swift; path = ImageDownloader.swift; sourceTree = "<group>"; };
		67159BC49CE2E9C79E472206 /* Pods_Covid_News.framework */ = {isa = PBXFileReference; explicitFileType = wrapper.framework; includeInIndex = 0; path = Pods_Covid_News.framework; sourceTree = BUILT_PRODUCTS_DIR; };
		6DB8D51A31648C7C01E4B7BB /* Pods-Covid News-Covid NewsUITests.debug.xcconfig */ = {isa = PBXFileReference; includeInIndex = 1; lastKnownFileType = text.xcconfig; name = "Pods-Covid News-Covid NewsUITests.debug.xcconfig"; path = "Target Support Files/Pods-Covid News-Covid NewsUITests/Pods-Covid News-Covid NewsUITests.debug.xcconfig"; sourceTree = "<group>"; };
		733C30BF762C9D2CE7F9D36F /* Pods-Covid NewsTests.debug.xcconfig */ = {isa = PBXFileReference; includeInIndex = 1; lastKnownFileType = text.xcconfig; name = "Pods-Covid NewsTests.debug.xcconfig"; path = "Target Support Files/Pods-Covid NewsTests/Pods-Covid NewsTests.debug.xcconfig"; sourceTree = "<group>"; };
		B60D52BA946F6C692C7F88DE /* Pods-Covid News.release.xcconfig */ = {isa = PBXFileReference; includeInIndex = 1; lastKnownFileType = text.xcconfig; name = "Pods-Covid News.release.xcconfig"; path = "Target Support Files/Pods-Covid News/Pods-Covid News.release.xcconfig"; sourceTree = "<group>"; };
		DEADFBDE2EEA6591F203BE2E /* Pods-Covid News.debug.xcconfig */ = {isa = PBXFileReference; includeInIndex = 1; lastKnownFileType = text.xcconfig; name = "Pods-Covid News.debug.xcconfig"; path = "Target Support Files/Pods-Covid News/Pods-Covid News.debug.xcconfig"; sourceTree = "<group>"; };
		E18BA3B48003046C65B44468 /* Pods_Covid_NewsTests.framework */ = {isa = PBXFileReference; explicitFileType = wrapper.framework; includeInIndex = 0; path = Pods_Covid_NewsTests.framework; sourceTree = BUILT_PRODUCTS_DIR; };
		F8AA766FDF105590EDD6E669 /* Pods-Covid NewsTests.release.xcconfig */ = {isa = PBXFileReference; includeInIndex = 1; lastKnownFileType = text.xcconfig; name = "Pods-Covid NewsTests.release.xcconfig"; path = "Target Support Files/Pods-Covid NewsTests/Pods-Covid NewsTests.release.xcconfig"; sourceTree = "<group>"; };
/* End PBXFileReference section */

/* Begin PBXFrameworksBuildPhase section */
		57D4B9E924EF6D97003002DC /* Frameworks */ = {
			isa = PBXFrameworksBuildPhase;
			buildActionMask = 2147483647;
			files = (
				57B3BFE624FB641100459121 /* WebKit.framework in Frameworks */,
				9D158140695120CCF9D8DF70 /* Pods_Covid_News.framework in Frameworks */,
			);
			runOnlyForDeploymentPostprocessing = 0;
		};
		57D4B9FF24EF6D99003002DC /* Frameworks */ = {
			isa = PBXFrameworksBuildPhase;
			buildActionMask = 2147483647;
			files = (
				783D3355D122D870B298D115 /* Pods_Covid_NewsTests.framework in Frameworks */,
			);
			runOnlyForDeploymentPostprocessing = 0;
		};
		57D4BA0A24EF6D99003002DC /* Frameworks */ = {
			isa = PBXFrameworksBuildPhase;
			buildActionMask = 2147483647;
			files = (
				52621D6EDD8C6CBAC40873A1 /* Pods_Covid_News_Covid_NewsUITests.framework in Frameworks */,
			);
			runOnlyForDeploymentPostprocessing = 0;
		};
/* End PBXFrameworksBuildPhase section */

/* Begin PBXGroup section */
		5749DC3C2553C8A000B49518 /* Model */ = {
			isa = PBXGroup;
			children = (
				579DFAD22568EDCD0065E2F4 /* NewsDataModel.xcdatamodeld */,
				57197AA42550453100563444 /* ArticlesManager.swift */,
				578B7261259C4B0500B7BB03 /* Date+Ext.swift */,
				578B726A259C4BFA00B7BB03 /* String+Ext.swift */,
				576B328B2570CBCE00C7DA66 /* CoreDataManger.swift */,
				57108917256B85770086B9B2 /* News+CoreDataClass.swift */,
				57108918256B85770086B9B2 /* News+CoreDataProperties.swift */,
				57197AAC2550454D00563444 /* ArticlesData.swift */,
			);
			path = Model;
			sourceTree = "<group>";
		};
		5749DC402553C8BA00B49518 /* Controller */ = {
			isa = PBXGroup;
			children = (
				5713E05D24F1D0B600A1CEB7 /* LatestNewsViewController.swift */,
				57FEDC342599D46F0029A350 /* ImageDownloader.swift */,
				5721287424F36EFA00C0FE61 /* NewsTableViewCell.swift */,
				5728F2E124FA1BA80082E683 /* ArticleViewController.swift */,
				5743B4BC259DB2AC009FA6DD /* SavedViewController.swift */,
				57994467257C93EF00E93891 /* SaveViewController.swift */,
				57B743D2257C9642000E8A2B /* SaveTableViewCell.swift */,
			);
			path = Controller;
			sourceTree = "<group>";
		};
		5749DC442553C8D600B49518 /* View */ = {
			isa = PBXGroup;
			children = (
				57D4B9F524EF6D97003002DC /* Main.storyboard */,
			);
			path = View;
			sourceTree = "<group>";
		};
		57B3BFE424FB641000459121 /* Frameworks */ = {
			isa = PBXGroup;
			children = (
				57B3BFE524FB641100459121 /* WebKit.framework */,
				67159BC49CE2E9C79E472206 /* Pods_Covid_News.framework */,
				347257CED206B3F2C6A1ED50 /* Pods_Covid_News_Covid_NewsUITests.framework */,
				E18BA3B48003046C65B44468 /* Pods_Covid_NewsTests.framework */,
			);
			name = Frameworks;
			sourceTree = "<group>";
		};
		57D4B9E324EF6D97003002DC = {
			isa = PBXGroup;
			children = (
				57D4B9EE24EF6D97003002DC /* Covid News */,
				57D4BA0524EF6D99003002DC /* Covid NewsTests */,
				57D4BA1024EF6D99003002DC /* Covid NewsUITests */,
				57D4B9ED24EF6D97003002DC /* Products */,
				57B3BFE424FB641000459121 /* Frameworks */,
				AD3DBA1A8FA8A35D5D5A3F50 /* Pods */,
			);
			sourceTree = "<group>";
		};
		57D4B9ED24EF6D97003002DC /* Products */ = {
			isa = PBXGroup;
			children = (
				57D4B9EC24EF6D97003002DC /* Covid News.app */,
				57D4BA0224EF6D99003002DC /* Covid NewsTests.xctest */,
				57D4BA0D24EF6D99003002DC /* Covid NewsUITests.xctest */,
			);
			name = Products;
			sourceTree = "<group>";
		};
		57D4B9EE24EF6D97003002DC /* Covid News */ = {
			isa = PBXGroup;
			children = (
				57D4B9EF24EF6D97003002DC /* AppDelegate.swift */,
				57D4B9F124EF6D97003002DC /* SceneDelegate.swift */,
				5749DC3C2553C8A000B49518 /* Model */,
				5749DC442553C8D600B49518 /* View */,
				5749DC402553C8BA00B49518 /* Controller */,
				57D4B9FA24EF6D98003002DC /* LaunchScreen.storyboard */,
				57D4B9FD24EF6D98003002DC /* Info.plist */,
				57F2D28D24F0CD270075CB62 /* Assets.xcassets */,
			);
			path = "Covid News";
			sourceTree = "<group>";
		};
		57D4BA0524EF6D99003002DC /* Covid NewsTests */ = {
			isa = PBXGroup;
			children = (
				57D4BA0624EF6D99003002DC /* Covid_NewsTests.swift */,
				57D4BA0824EF6D99003002DC /* Info.plist */,
			);
			path = "Covid NewsTests";
			sourceTree = "<group>";
		};
		57D4BA1024EF6D99003002DC /* Covid NewsUITests */ = {
			isa = PBXGroup;
			children = (
				57D4BA1124EF6D99003002DC /* Covid_NewsUITests.swift */,
				57D4BA1324EF6D99003002DC /* Info.plist */,
			);
			path = "Covid NewsUITests";
			sourceTree = "<group>";
		};
		AD3DBA1A8FA8A35D5D5A3F50 /* Pods */ = {
			isa = PBXGroup;
			children = (
				DEADFBDE2EEA6591F203BE2E /* Pods-Covid News.debug.xcconfig */,
				B60D52BA946F6C692C7F88DE /* Pods-Covid News.release.xcconfig */,
				6DB8D51A31648C7C01E4B7BB /* Pods-Covid News-Covid NewsUITests.debug.xcconfig */,
				03CF92CB1B6F3F7E2B964B62 /* Pods-Covid News-Covid NewsUITests.release.xcconfig */,
				733C30BF762C9D2CE7F9D36F /* Pods-Covid NewsTests.debug.xcconfig */,
				F8AA766FDF105590EDD6E669 /* Pods-Covid NewsTests.release.xcconfig */,
			);
			path = Pods;
			sourceTree = "<group>";
		};
/* End PBXGroup section */

/* Begin PBXNativeTarget section */
		57D4B9EB24EF6D97003002DC /* Covid News */ = {
			isa = PBXNativeTarget;
			buildConfigurationList = 57D4BA1624EF6D99003002DC /* Build configuration list for PBXNativeTarget "Covid News" */;
			buildPhases = (
				2702CB6025822F54ABE6F080 /* [CP] Check Pods Manifest.lock */,
				57D4B9E824EF6D97003002DC /* Sources */,
				57D4B9E924EF6D97003002DC /* Frameworks */,
				57D4B9EA24EF6D97003002DC /* Resources */,
				75E34069257945FC00558D72 /* Swift Lint */,
				573BBD06257B3B08006A90F0 /* ShellScript */,
			);
			buildRules = (
			);
			dependencies = (
			);
			name = "Covid News";
			productName = "Covid News";
			productReference = 57D4B9EC24EF6D97003002DC /* Covid News.app */;
			productType = "com.apple.product-type.application";
		};
		57D4BA0124EF6D99003002DC /* Covid NewsTests */ = {
			isa = PBXNativeTarget;
			buildConfigurationList = 57D4BA1924EF6D99003002DC /* Build configuration list for PBXNativeTarget "Covid NewsTests" */;
			buildPhases = (
				05EC33875C0D34440F073162 /* [CP] Check Pods Manifest.lock */,
				57D4B9FE24EF6D99003002DC /* Sources */,
				57D4B9FF24EF6D99003002DC /* Frameworks */,
				57D4BA0024EF6D99003002DC /* Resources */,
			);
			buildRules = (
			);
			dependencies = (
				57D4BA0424EF6D99003002DC /* PBXTargetDependency */,
			);
			name = "Covid NewsTests";
			productName = "Covid NewsTests";
			productReference = 57D4BA0224EF6D99003002DC /* Covid NewsTests.xctest */;
			productType = "com.apple.product-type.bundle.unit-test";
		};
		57D4BA0C24EF6D99003002DC /* Covid NewsUITests */ = {
			isa = PBXNativeTarget;
			buildConfigurationList = 57D4BA1C24EF6D99003002DC /* Build configuration list for PBXNativeTarget "Covid NewsUITests" */;
			buildPhases = (
				63A03F69D7A278D63D9E928C /* [CP] Check Pods Manifest.lock */,
				57D4BA0924EF6D99003002DC /* Sources */,
				57D4BA0A24EF6D99003002DC /* Frameworks */,
				57D4BA0B24EF6D99003002DC /* Resources */,
			);
			buildRules = (
			);
			dependencies = (
				57D4BA0F24EF6D99003002DC /* PBXTargetDependency */,
			);
			name = "Covid NewsUITests";
			productName = "Covid NewsUITests";
			productReference = 57D4BA0D24EF6D99003002DC /* Covid NewsUITests.xctest */;
			productType = "com.apple.product-type.bundle.ui-testing";
		};
/* End PBXNativeTarget section */

/* Begin PBXProject section */
		57D4B9E424EF6D97003002DC /* Project object */ = {
			isa = PBXProject;
			attributes = {
				LastSwiftUpdateCheck = 1160;
				LastUpgradeCheck = 1220;
				ORGANIZATIONNAME = "Alexander Paul";
				TargetAttributes = {
					57D4B9EB24EF6D97003002DC = {
						CreatedOnToolsVersion = 11.6;
					};
					57D4BA0124EF6D99003002DC = {
						CreatedOnToolsVersion = 11.6;
						TestTargetID = 57D4B9EB24EF6D97003002DC;
					};
					57D4BA0C24EF6D99003002DC = {
						CreatedOnToolsVersion = 11.6;
						TestTargetID = 57D4B9EB24EF6D97003002DC;
					};
				};
			};
			buildConfigurationList = 57D4B9E724EF6D97003002DC /* Build configuration list for PBXProject "Covid News" */;
			compatibilityVersion = "Xcode 9.3";
			developmentRegion = en;
			hasScannedForEncodings = 0;
			knownRegions = (
				en,
				Base,
			);
			mainGroup = 57D4B9E324EF6D97003002DC;
			productRefGroup = 57D4B9ED24EF6D97003002DC /* Products */;
			projectDirPath = "";
			projectRoot = "";
			targets = (
				57D4B9EB24EF6D97003002DC /* Covid News */,
				57D4BA0124EF6D99003002DC /* Covid NewsTests */,
				57D4BA0C24EF6D99003002DC /* Covid NewsUITests */,
			);
		};
/* End PBXProject section */

/* Begin PBXResourcesBuildPhase section */
		57D4B9EA24EF6D97003002DC /* Resources */ = {
			isa = PBXResourcesBuildPhase;
			buildActionMask = 2147483647;
			files = (
				57D4B9FC24EF6D98003002DC /* LaunchScreen.storyboard in Resources */,
				57F2D28E24F0CD270075CB62 /* Assets.xcassets in Resources */,
				57D4B9F724EF6D97003002DC /* Main.storyboard in Resources */,
			);
			runOnlyForDeploymentPostprocessing = 0;
		};
		57D4BA0024EF6D99003002DC /* Resources */ = {
			isa = PBXResourcesBuildPhase;
			buildActionMask = 2147483647;
			files = (
			);
			runOnlyForDeploymentPostprocessing = 0;
		};
		57D4BA0B24EF6D99003002DC /* Resources */ = {
			isa = PBXResourcesBuildPhase;
			buildActionMask = 2147483647;
			files = (
			);
			runOnlyForDeploymentPostprocessing = 0;
		};
/* End PBXResourcesBuildPhase section */

/* Begin PBXShellScriptBuildPhase section */
		05EC33875C0D34440F073162 /* [CP] Check Pods Manifest.lock */ = {
			isa = PBXShellScriptBuildPhase;
			buildActionMask = 2147483647;
			files = (
			);
			inputFileListPaths = (
			);
			inputPaths = (
				"${PODS_PODFILE_DIR_PATH}/Podfile.lock",
				"${PODS_ROOT}/Manifest.lock",
			);
			name = "[CP] Check Pods Manifest.lock";
			outputFileListPaths = (
			);
			outputPaths = (
				"$(DERIVED_FILE_DIR)/Pods-Covid NewsTests-checkManifestLockResult.txt",
			);
			runOnlyForDeploymentPostprocessing = 0;
			shellPath = /bin/sh;
			shellScript = "diff \"${PODS_PODFILE_DIR_PATH}/Podfile.lock\" \"${PODS_ROOT}/Manifest.lock\" > /dev/null\nif [ $? != 0 ] ; then\n    # print error to STDERR\n    echo \"error: The sandbox is not in sync with the Podfile.lock. Run 'pod install' or update your CocoaPods installation.\" >&2\n    exit 1\nfi\n# This output is used by Xcode 'outputs' to avoid re-running this script phase.\necho \"SUCCESS\" > \"${SCRIPT_OUTPUT_FILE_0}\"\n";
			showEnvVarsInLog = 0;
		};
		2702CB6025822F54ABE6F080 /* [CP] Check Pods Manifest.lock */ = {
			isa = PBXShellScriptBuildPhase;
			buildActionMask = 2147483647;
			files = (
			);
			inputFileListPaths = (
			);
			inputPaths = (
				"${PODS_PODFILE_DIR_PATH}/Podfile.lock",
				"${PODS_ROOT}/Manifest.lock",
			);
			name = "[CP] Check Pods Manifest.lock";
			outputFileListPaths = (
			);
			outputPaths = (
				"$(DERIVED_FILE_DIR)/Pods-Covid News-checkManifestLockResult.txt",
			);
			runOnlyForDeploymentPostprocessing = 0;
			shellPath = /bin/sh;
			shellScript = "diff \"${PODS_PODFILE_DIR_PATH}/Podfile.lock\" \"${PODS_ROOT}/Manifest.lock\" > /dev/null\nif [ $? != 0 ] ; then\n    # print error to STDERR\n    echo \"error: The sandbox is not in sync with the Podfile.lock. Run 'pod install' or update your CocoaPods installation.\" >&2\n    exit 1\nfi\n# This output is used by Xcode 'outputs' to avoid re-running this script phase.\necho \"SUCCESS\" > \"${SCRIPT_OUTPUT_FILE_0}\"\n";
			showEnvVarsInLog = 0;
		};
		573BBD06257B3B08006A90F0 /* ShellScript */ = {
			isa = PBXShellScriptBuildPhase;
			buildActionMask = 2147483647;
			files = (
			);
			inputFileListPaths = (
			);
			inputPaths = (
			);
			outputFileListPaths = (
			);
			outputPaths = (
			);
			runOnlyForDeploymentPostprocessing = 0;
			shellPath = /bin/sh;
			shellScript = "# Type a script or drag a script file from your workspace to insert its path.\nif [ \"${CONFIGURATION}\" = \"Debug\" ]; then\nif which swiftlint >/dev/null; then\nswiftlint --config \"$SRCROOT/.swiftlint.yml\"\nelse\necho \"warning: SwiftLint not installed, download from https://github.com/realm/SwiftLint\"\nfi\nfi\n";
		};
		63A03F69D7A278D63D9E928C /* [CP] Check Pods Manifest.lock */ = {
			isa = PBXShellScriptBuildPhase;
			buildActionMask = 2147483647;
			files = (
			);
			inputFileListPaths = (
			);
			inputPaths = (
				"${PODS_PODFILE_DIR_PATH}/Podfile.lock",
				"${PODS_ROOT}/Manifest.lock",
			);
			name = "[CP] Check Pods Manifest.lock";
			outputFileListPaths = (
			);
			outputPaths = (
				"$(DERIVED_FILE_DIR)/Pods-Covid News-Covid NewsUITests-checkManifestLockResult.txt",
			);
			runOnlyForDeploymentPostprocessing = 0;
			shellPath = /bin/sh;
			shellScript = "diff \"${PODS_PODFILE_DIR_PATH}/Podfile.lock\" \"${PODS_ROOT}/Manifest.lock\" > /dev/null\nif [ $? != 0 ] ; then\n    # print error to STDERR\n    echo \"error: The sandbox is not in sync with the Podfile.lock. Run 'pod install' or update your CocoaPods installation.\" >&2\n    exit 1\nfi\n# This output is used by Xcode 'outputs' to avoid re-running this script phase.\necho \"SUCCESS\" > \"${SCRIPT_OUTPUT_FILE_0}\"\n";
			showEnvVarsInLog = 0;
		};
		75E34069257945FC00558D72 /* Swift Lint */ = {
			isa = PBXShellScriptBuildPhase;
			buildActionMask = 2147483647;
			files = (
			);
			inputFileListPaths = (
			);
			inputPaths = (
			);
			name = "Swift Lint";
			outputFileListPaths = (
			);
			outputPaths = (
			);
			runOnlyForDeploymentPostprocessing = 0;
			shellPath = /bin/sh;
			shellScript = "if which swiftlint >/dev/null; then\n  swiftlint\nelse\n  echo \"warning: SwiftLint not installed, download from https://github.com/realm/SwiftLint\"\nfi\n";
		};
/* End PBXShellScriptBuildPhase section */

/* Begin PBXSourcesBuildPhase section */
		57D4B9E824EF6D97003002DC /* Sources */ = {
			isa = PBXSourcesBuildPhase;
			buildActionMask = 2147483647;
			files = (
				576B328C2570CBCE00C7DA66 /* CoreDataManger.swift in Sources */,
				57197AAD2550454D00563444 /* ArticlesData.swift in Sources */,
				57FEDC352599D46F0029A350 /* ImageDownloader.swift in Sources */,
				5728F2E224FA1BA80082E683 /* ArticleViewController.swift in Sources */,
				5710891A256B85770086B9B2 /* News+CoreDataProperties.swift in Sources */,
				579DFAD42568EDCD0065E2F4 /* NewsDataModel.xcdatamodeld in Sources */,
				57197AA52550453100563444 /* ArticlesManager.swift in Sources */,
				57994468257C93EF00E93891 /* SaveViewController.swift in Sources */,
				5713E05E24F1D0B600A1CEB7 /* LatestNewsViewController.swift in Sources */,
				578B7262259C4B0500B7BB03 /* Date+Ext.swift in Sources */,
				5721287524F36EFA00C0FE61 /* NewsTableViewCell.swift in Sources */,
				57D4B9F024EF6D97003002DC /* AppDelegate.swift in Sources */,
				57D4B9F224EF6D97003002DC /* SceneDelegate.swift in Sources */,
				5743B4BD259DB2AC009FA6DD /* SavedViewController.swift in Sources */,
				57B743D3257C9642000E8A2B /* SaveTableViewCell.swift in Sources */,
				578B726B259C4BFA00B7BB03 /* String+Ext.swift in Sources */,
				57108919256B85770086B9B2 /* News+CoreDataClass.swift in Sources */,
			);
			runOnlyForDeploymentPostprocessing = 0;
		};
		57D4B9FE24EF6D99003002DC /* Sources */ = {
			isa = PBXSourcesBuildPhase;
			buildActionMask = 2147483647;
			files = (
				57D4BA0724EF6D99003002DC /* Covid_NewsTests.swift in Sources */,
			);
			runOnlyForDeploymentPostprocessing = 0;
		};
		57D4BA0924EF6D99003002DC /* Sources */ = {
			isa = PBXSourcesBuildPhase;
			buildActionMask = 2147483647;
			files = (
				57D4BA1224EF6D99003002DC /* Covid_NewsUITests.swift in Sources */,
			);
			runOnlyForDeploymentPostprocessing = 0;
		};
/* End PBXSourcesBuildPhase section */

/* Begin PBXTargetDependency section */
		57D4BA0424EF6D99003002DC /* PBXTargetDependency */ = {
			isa = PBXTargetDependency;
			target = 57D4B9EB24EF6D97003002DC /* Covid News */;
			targetProxy = 57D4BA0324EF6D99003002DC /* PBXContainerItemProxy */;
		};
		57D4BA0F24EF6D99003002DC /* PBXTargetDependency */ = {
			isa = PBXTargetDependency;
			target = 57D4B9EB24EF6D97003002DC /* Covid News */;
			targetProxy = 57D4BA0E24EF6D99003002DC /* PBXContainerItemProxy */;
		};
/* End PBXTargetDependency section */

/* Begin PBXVariantGroup section */
		57D4B9F524EF6D97003002DC /* Main.storyboard */ = {
			isa = PBXVariantGroup;
			children = (
				57D4B9F624EF6D97003002DC /* Base */,
			);
			name = Main.storyboard;
			sourceTree = "<group>";
		};
		57D4B9FA24EF6D98003002DC /* LaunchScreen.storyboard */ = {
			isa = PBXVariantGroup;
			children = (
				57D4B9FB24EF6D98003002DC /* Base */,
			);
			name = LaunchScreen.storyboard;
			sourceTree = "<group>";
		};
/* End PBXVariantGroup section */

/* Begin XCBuildConfiguration section */
		57D4BA1424EF6D99003002DC /* Debug */ = {
			isa = XCBuildConfiguration;
			buildSettings = {
				ALWAYS_SEARCH_USER_PATHS = NO;
				CLANG_ANALYZER_NONNULL = YES;
				CLANG_ANALYZER_NUMBER_OBJECT_CONVERSION = YES_AGGRESSIVE;
				CLANG_CXX_LANGUAGE_STANDARD = "gnu++14";
				CLANG_CXX_LIBRARY = "libc++";
				CLANG_ENABLE_MODULES = YES;
				CLANG_ENABLE_OBJC_ARC = YES;
				CLANG_ENABLE_OBJC_WEAK = YES;
				CLANG_WARN_BLOCK_CAPTURE_AUTORELEASING = YES;
				CLANG_WARN_BOOL_CONVERSION = YES;
				CLANG_WARN_COMMA = YES;
				CLANG_WARN_CONSTANT_CONVERSION = YES;
				CLANG_WARN_DEPRECATED_OBJC_IMPLEMENTATIONS = YES;
				CLANG_WARN_DIRECT_OBJC_ISA_USAGE = YES_ERROR;
				CLANG_WARN_DOCUMENTATION_COMMENTS = YES;
				CLANG_WARN_EMPTY_BODY = YES;
				CLANG_WARN_ENUM_CONVERSION = YES;
				CLANG_WARN_INFINITE_RECURSION = YES;
				CLANG_WARN_INT_CONVERSION = YES;
				CLANG_WARN_NON_LITERAL_NULL_CONVERSION = YES;
				CLANG_WARN_OBJC_IMPLICIT_RETAIN_SELF = YES;
				CLANG_WARN_OBJC_LITERAL_CONVERSION = YES;
				CLANG_WARN_OBJC_ROOT_CLASS = YES_ERROR;
				CLANG_WARN_QUOTED_INCLUDE_IN_FRAMEWORK_HEADER = YES;
				CLANG_WARN_RANGE_LOOP_ANALYSIS = YES;
				CLANG_WARN_STRICT_PROTOTYPES = YES;
				CLANG_WARN_SUSPICIOUS_MOVE = YES;
				CLANG_WARN_UNGUARDED_AVAILABILITY = YES_AGGRESSIVE;
				CLANG_WARN_UNREACHABLE_CODE = YES;
				CLANG_WARN__DUPLICATE_METHOD_MATCH = YES;
				COPY_PHASE_STRIP = NO;
				DEBUG_INFORMATION_FORMAT = dwarf;
				ENABLE_STRICT_OBJC_MSGSEND = YES;
				ENABLE_TESTABILITY = YES;
				GCC_C_LANGUAGE_STANDARD = gnu11;
				GCC_DYNAMIC_NO_PIC = NO;
				GCC_NO_COMMON_BLOCKS = YES;
				GCC_OPTIMIZATION_LEVEL = 0;
				GCC_PREPROCESSOR_DEFINITIONS = (
					"DEBUG=1",
					"$(inherited)",
				);
				GCC_WARN_64_TO_32_BIT_CONVERSION = YES;
				GCC_WARN_ABOUT_RETURN_TYPE = YES_ERROR;
				GCC_WARN_UNDECLARED_SELECTOR = YES;
				GCC_WARN_UNINITIALIZED_AUTOS = YES_AGGRESSIVE;
				GCC_WARN_UNUSED_FUNCTION = YES;
				GCC_WARN_UNUSED_VARIABLE = YES;
				IPHONEOS_DEPLOYMENT_TARGET = 13.2;
				MTL_ENABLE_DEBUG_INFO = INCLUDE_SOURCE;
				MTL_FAST_MATH = YES;
				ONLY_ACTIVE_ARCH = YES;
				SDKROOT = iphoneos;
				SWIFT_ACTIVE_COMPILATION_CONDITIONS = DEBUG;
				SWIFT_OPTIMIZATION_LEVEL = "-Onone";
			};
			name = Debug;
		};
		57D4BA1524EF6D99003002DC /* Release */ = {
			isa = XCBuildConfiguration;
			buildSettings = {
				ALWAYS_SEARCH_USER_PATHS = NO;
				CLANG_ANALYZER_NONNULL = YES;
				CLANG_ANALYZER_NUMBER_OBJECT_CONVERSION = YES_AGGRESSIVE;
				CLANG_CXX_LANGUAGE_STANDARD = "gnu++14";
				CLANG_CXX_LIBRARY = "libc++";
				CLANG_ENABLE_MODULES = YES;
				CLANG_ENABLE_OBJC_ARC = YES;
				CLANG_ENABLE_OBJC_WEAK = YES;
				CLANG_WARN_BLOCK_CAPTURE_AUTORELEASING = YES;
				CLANG_WARN_BOOL_CONVERSION = YES;
				CLANG_WARN_COMMA = YES;
				CLANG_WARN_CONSTANT_CONVERSION = YES;
				CLANG_WARN_DEPRECATED_OBJC_IMPLEMENTATIONS = YES;
				CLANG_WARN_DIRECT_OBJC_ISA_USAGE = YES_ERROR;
				CLANG_WARN_DOCUMENTATION_COMMENTS = YES;
				CLANG_WARN_EMPTY_BODY = YES;
				CLANG_WARN_ENUM_CONVERSION = YES;
				CLANG_WARN_INFINITE_RECURSION = YES;
				CLANG_WARN_INT_CONVERSION = YES;
				CLANG_WARN_NON_LITERAL_NULL_CONVERSION = YES;
				CLANG_WARN_OBJC_IMPLICIT_RETAIN_SELF = YES;
				CLANG_WARN_OBJC_LITERAL_CONVERSION = YES;
				CLANG_WARN_OBJC_ROOT_CLASS = YES_ERROR;
				CLANG_WARN_QUOTED_INCLUDE_IN_FRAMEWORK_HEADER = YES;
				CLANG_WARN_RANGE_LOOP_ANALYSIS = YES;
				CLANG_WARN_STRICT_PROTOTYPES = YES;
				CLANG_WARN_SUSPICIOUS_MOVE = YES;
				CLANG_WARN_UNGUARDED_AVAILABILITY = YES_AGGRESSIVE;
				CLANG_WARN_UNREACHABLE_CODE = YES;
				CLANG_WARN__DUPLICATE_METHOD_MATCH = YES;
				COPY_PHASE_STRIP = NO;
				DEBUG_INFORMATION_FORMAT = "dwarf-with-dsym";
				ENABLE_NS_ASSERTIONS = NO;
				ENABLE_STRICT_OBJC_MSGSEND = YES;
				GCC_C_LANGUAGE_STANDARD = gnu11;
				GCC_NO_COMMON_BLOCKS = YES;
				GCC_WARN_64_TO_32_BIT_CONVERSION = YES;
				GCC_WARN_ABOUT_RETURN_TYPE = YES_ERROR;
				GCC_WARN_UNDECLARED_SELECTOR = YES;
				GCC_WARN_UNINITIALIZED_AUTOS = YES_AGGRESSIVE;
				GCC_WARN_UNUSED_FUNCTION = YES;
				GCC_WARN_UNUSED_VARIABLE = YES;
				IPHONEOS_DEPLOYMENT_TARGET = 13.2;
				MTL_ENABLE_DEBUG_INFO = NO;
				MTL_FAST_MATH = YES;
				SDKROOT = iphoneos;
				SWIFT_COMPILATION_MODE = wholemodule;
				SWIFT_OPTIMIZATION_LEVEL = "-O";
				VALIDATE_PRODUCT = YES;
			};
			name = Release;
		};
		57D4BA1724EF6D99003002DC /* Debug */ = {
			isa = XCBuildConfiguration;
			baseConfigurationReference = DEADFBDE2EEA6591F203BE2E /* Pods-Covid News.debug.xcconfig */;
			buildSettings = {
				ASSETCATALOG_COMPILER_APPICON_NAME = AppIcon;
				CODE_SIGN_STYLE = Automatic;
				INFOPLIST_FILE = "Covid News/Info.plist";
				LD_RUNPATH_SEARCH_PATHS = (
					"$(inherited)",
					"@executable_path/Frameworks",
				);
				PRODUCT_BUNDLE_IDENTIFIER = "N-A.Covid-News";
				PRODUCT_NAME = "$(TARGET_NAME)";
				SWIFT_VERSION = 5.0;
				TARGETED_DEVICE_FAMILY = "1,2";
			};
			name = Debug;
		};
		57D4BA1824EF6D99003002DC /* Release */ = {
			isa = XCBuildConfiguration;
			baseConfigurationReference = B60D52BA946F6C692C7F88DE /* Pods-Covid News.release.xcconfig */;
			buildSettings = {
				ASSETCATALOG_COMPILER_APPICON_NAME = AppIcon;
				CODE_SIGN_STYLE = Automatic;
				INFOPLIST_FILE = "Covid News/Info.plist";
				LD_RUNPATH_SEARCH_PATHS = (
					"$(inherited)",
					"@executable_path/Frameworks",
				);
				PRODUCT_BUNDLE_IDENTIFIER = "N-A.Covid-News";
				PRODUCT_NAME = "$(TARGET_NAME)";
				SWIFT_VERSION = 5.0;
				TARGETED_DEVICE_FAMILY = "1,2";
			};
			name = Release;
		};
		57D4BA1A24EF6D99003002DC /* Debug */ = {
			isa = XCBuildConfiguration;
			baseConfigurationReference = 733C30BF762C9D2CE7F9D36F /* Pods-Covid NewsTests.debug.xcconfig */;
			buildSettings = {
				ALWAYS_EMBED_SWIFT_STANDARD_LIBRARIES = YES;
				BUNDLE_LOADER = "$(TEST_HOST)";
				CODE_SIGN_STYLE = Automatic;
				INFOPLIST_FILE = "Covid NewsTests/Info.plist";
				IPHONEOS_DEPLOYMENT_TARGET = 13.6;
				LD_RUNPATH_SEARCH_PATHS = (
					"$(inherited)",
					"@executable_path/Frameworks",
					"@loader_path/Frameworks",
				);
				PRODUCT_BUNDLE_IDENTIFIER = "N-A.Covid-NewsTests";
				PRODUCT_NAME = "$(TARGET_NAME)";
				SWIFT_VERSION = 5.0;
				TARGETED_DEVICE_FAMILY = "1,2";
				TEST_HOST = "$(BUILT_PRODUCTS_DIR)/Covid News.app/Covid News";
			};
			name = Debug;
		};
		57D4BA1B24EF6D99003002DC /* Release */ = {
			isa = XCBuildConfiguration;
			baseConfigurationReference = F8AA766FDF105590EDD6E669 /* Pods-Covid NewsTests.release.xcconfig */;
			buildSettings = {
				ALWAYS_EMBED_SWIFT_STANDARD_LIBRARIES = YES;
				BUNDLE_LOADER = "$(TEST_HOST)";
				CODE_SIGN_STYLE = Automatic;
				INFOPLIST_FILE = "Covid NewsTests/Info.plist";
				IPHONEOS_DEPLOYMENT_TARGET = 13.6;
				LD_RUNPATH_SEARCH_PATHS = (
					"$(inherited)",
					"@executable_path/Frameworks",
					"@loader_path/Frameworks",
				);
				PRODUCT_BUNDLE_IDENTIFIER = "N-A.Covid-NewsTests";
				PRODUCT_NAME = "$(TARGET_NAME)";
				SWIFT_VERSION = 5.0;
				TARGETED_DEVICE_FAMILY = "1,2";
				TEST_HOST = "$(BUILT_PRODUCTS_DIR)/Covid News.app/Covid News";
			};
			name = Release;
		};
		57D4BA1D24EF6D99003002DC /* Debug */ = {
			isa = XCBuildConfiguration;
			baseConfigurationReference = 6DB8D51A31648C7C01E4B7BB /* Pods-Covid News-Covid NewsUITests.debug.xcconfig */;
			buildSettings = {
				ALWAYS_EMBED_SWIFT_STANDARD_LIBRARIES = YES;
				CODE_SIGN_STYLE = Automatic;
				INFOPLIST_FILE = "Covid NewsUITests/Info.plist";
				LD_RUNPATH_SEARCH_PATHS = (
					"$(inherited)",
					"@executable_path/Frameworks",
					"@loader_path/Frameworks",
				);
				PRODUCT_BUNDLE_IDENTIFIER = "N-A.Covid-NewsUITests";
				PRODUCT_NAME = "$(TARGET_NAME)";
				SWIFT_VERSION = 5.0;
				TARGETED_DEVICE_FAMILY = "1,2";
				TEST_TARGET_NAME = "Covid News";
			};
			name = Debug;
		};
		57D4BA1E24EF6D99003002DC /* Release */ = {
			isa = XCBuildConfiguration;
			baseConfigurationReference = 03CF92CB1B6F3F7E2B964B62 /* Pods-Covid News-Covid NewsUITests.release.xcconfig */;
			buildSettings = {
				ALWAYS_EMBED_SWIFT_STANDARD_LIBRARIES = YES;
				CODE_SIGN_STYLE = Automatic;
				INFOPLIST_FILE = "Covid NewsUITests/Info.plist";
				LD_RUNPATH_SEARCH_PATHS = (
					"$(inherited)",
					"@executable_path/Frameworks",
					"@loader_path/Frameworks",
				);
				PRODUCT_BUNDLE_IDENTIFIER = "N-A.Covid-NewsUITests";
				PRODUCT_NAME = "$(TARGET_NAME)";
				SWIFT_VERSION = 5.0;
				TARGETED_DEVICE_FAMILY = "1,2";
				TEST_TARGET_NAME = "Covid News";
			};
			name = Release;
		};
/* End XCBuildConfiguration section */

/* Begin XCConfigurationList section */
		57D4B9E724EF6D97003002DC /* Build configuration list for PBXProject "Covid News" */ = {
			isa = XCConfigurationList;
			buildConfigurations = (
				57D4BA1424EF6D99003002DC /* Debug */,
				57D4BA1524EF6D99003002DC /* Release */,
			);
			defaultConfigurationIsVisible = 0;
			defaultConfigurationName = Release;
		};
		57D4BA1624EF6D99003002DC /* Build configuration list for PBXNativeTarget "Covid News" */ = {
			isa = XCConfigurationList;
			buildConfigurations = (
				57D4BA1724EF6D99003002DC /* Debug */,
				57D4BA1824EF6D99003002DC /* Release */,
			);
			defaultConfigurationIsVisible = 0;
			defaultConfigurationName = Release;
		};
		57D4BA1924EF6D99003002DC /* Build configuration list for PBXNativeTarget "Covid NewsTests" */ = {
			isa = XCConfigurationList;
			buildConfigurations = (
				57D4BA1A24EF6D99003002DC /* Debug */,
				57D4BA1B24EF6D99003002DC /* Release */,
			);
			defaultConfigurationIsVisible = 0;
			defaultConfigurationName = Release;
		};
		57D4BA1C24EF6D99003002DC /* Build configuration list for PBXNativeTarget "Covid NewsUITests" */ = {
			isa = XCConfigurationList;
			buildConfigurations = (
				57D4BA1D24EF6D99003002DC /* Debug */,
				57D4BA1E24EF6D99003002DC /* Release */,
			);
			defaultConfigurationIsVisible = 0;
			defaultConfigurationName = Release;
		};
/* End XCConfigurationList section */

/* Begin XCVersionGroup section */
		579DFAD22568EDCD0065E2F4 /* NewsDataModel.xcdatamodeld */ = {
			isa = XCVersionGroup;
			children = (
				579DFAD32568EDCD0065E2F4 /* NewsDataModel.xcdatamodel */,
			);
			currentVersion = 579DFAD32568EDCD0065E2F4 /* NewsDataModel.xcdatamodel */;
			path = NewsDataModel.xcdatamodeld;
			sourceTree = "<group>";
			versionGroupType = wrapper.xcdatamodel;
		};
/* End XCVersionGroup section */
	};
	rootObject = 57D4B9E424EF6D97003002DC /* Project object */;
}
